// !$*UTF8*$!
{
	archiveVersion = 1;
	classes = {
	};
	objectVersion = 50;
	objects = {

/* Begin PBXBuildFile section */
		1E3E0ADD21B49FBB00A0497C /* SearchRide3.swift in Sources */ = {isa = PBXBuildFile; fileRef = 1E3E0ADC21B49FBB00A0497C /* SearchRide3.swift */; };
		1EC9608721A9F4CD00FCE15F /* AppDelegate.swift in Sources */ = {isa = PBXBuildFile; fileRef = 1EC9608621A9F4CD00FCE15F /* AppDelegate.swift */; };
		1EC9608921A9F4CD00FCE15F /* ViewController.swift in Sources */ = {isa = PBXBuildFile; fileRef = 1EC9608821A9F4CD00FCE15F /* ViewController.swift */; };
		1EC9608E21A9F4CF00FCE15F /* Assets.xcassets in Resources */ = {isa = PBXBuildFile; fileRef = 1EC9608D21A9F4CF00FCE15F /* Assets.xcassets */; };
		1EC9609121A9F4CF00FCE15F /* LaunchScreen.storyboard in Resources */ = {isa = PBXBuildFile; fileRef = 1EC9608F21A9F4CF00FCE15F /* LaunchScreen.storyboard */; };
		1EC9609C21A9F4D000FCE15F /* ZimRideMobileTests.swift in Sources */ = {isa = PBXBuildFile; fileRef = 1EC9609B21A9F4D000FCE15F /* ZimRideMobileTests.swift */; };
		1EC960A721A9F4D000FCE15F /* ZimRideMobileUITests.swift in Sources */ = {isa = PBXBuildFile; fileRef = 1EC960A621A9F4D000FCE15F /* ZimRideMobileUITests.swift */; };
		1EC960B521AA23B900FCE15F /* HomeScreen.swift in Sources */ = {isa = PBXBuildFile; fileRef = 1EC960B421AA23B900FCE15F /* HomeScreen.swift */; };
		1EC960B721AA33E000FCE15F /* SearchRide.swift in Sources */ = {isa = PBXBuildFile; fileRef = 1EC960B621AA33E000FCE15F /* SearchRide.swift */; };
		1EC960B921AA341900FCE15F /* PostRide.swift in Sources */ = {isa = PBXBuildFile; fileRef = 1EC960B821AA341900FCE15F /* PostRide.swift */; };
		1EC960DA21B4578E00FCE15F /* PostRideViewController1.swift in Sources */ = {isa = PBXBuildFile; fileRef = 1EC960D621B4578E00FCE15F /* PostRideViewController1.swift */; };
		1EC960DB21B4578E00FCE15F /* PostRideViewController3.swift in Sources */ = {isa = PBXBuildFile; fileRef = 1EC960D721B4578E00FCE15F /* PostRideViewController3.swift */; };
		1EC960DC21B4578E00FCE15F /* PostRideViewController2.swift in Sources */ = {isa = PBXBuildFile; fileRef = 1EC960D821B4578E00FCE15F /* PostRideViewController2.swift */; };
		1EC960DD21B4578E00FCE15F /* PostRideViewController4.swift in Sources */ = {isa = PBXBuildFile; fileRef = 1EC960D921B4578E00FCE15F /* PostRideViewController4.swift */; };
		1EC960E021B457AB00FCE15F /* Notification.swift in Sources */ = {isa = PBXBuildFile; fileRef = 1EC960DE21B457AB00FCE15F /* Notification.swift */; };
		1EC960E121B457AB00FCE15F /* NotificationViewCell.swift in Sources */ = {isa = PBXBuildFile; fileRef = 1EC960DF21B457AB00FCE15F /* NotificationViewCell.swift */; };
		1EC960E321B457DF00FCE15F /* MapAnnotation.swift in Sources */ = {isa = PBXBuildFile; fileRef = 1EC960E221B457DF00FCE15F /* MapAnnotation.swift */; };
		1EC960E521B4585600FCE15F /* AddressTableViewCell.swift in Sources */ = {isa = PBXBuildFile; fileRef = 1EC960E421B4585600FCE15F /* AddressTableViewCell.swift */; };
		1EC960E721B47CED00FCE15F /* SearchRide2.swift in Sources */ = {isa = PBXBuildFile; fileRef = 1EC960E621B47CED00FCE15F /* SearchRide2.swift */; };
		1EE15AC421B4BDDD0009C1D6 /* Search.swift in Sources */ = {isa = PBXBuildFile; fileRef = 1EE15AC321B4BDDD0009C1D6 /* Search.swift */; };
		1EE15AC621B4BDF20009C1D6 /* SearchViewCell.swift in Sources */ = {isa = PBXBuildFile; fileRef = 1EE15AC521B4BDF20009C1D6 /* SearchViewCell.swift */; };
		1EE15AC821B4DB110009C1D6 /* Network.swift in Sources */ = {isa = PBXBuildFile; fileRef = 1EE15AC721B4DB110009C1D6 /* Network.swift */; };
/* End PBXBuildFile section */

/* Begin PBXContainerItemProxy section */
		1EC9609821A9F4D000FCE15F /* PBXContainerItemProxy */ = {
			isa = PBXContainerItemProxy;
			containerPortal = 1EC9607B21A9F4CD00FCE15F /* Project object */;
			proxyType = 1;
			remoteGlobalIDString = 1EC9608221A9F4CD00FCE15F;
			remoteInfo = ZimRideMobile;
		};
		1EC960A321A9F4D000FCE15F /* PBXContainerItemProxy */ = {
			isa = PBXContainerItemProxy;
			containerPortal = 1EC9607B21A9F4CD00FCE15F /* Project object */;
			proxyType = 1;
			remoteGlobalIDString = 1EC9608221A9F4CD00FCE15F;
			remoteInfo = ZimRideMobile;
		};
/* End PBXContainerItemProxy section */

/* Begin PBXFileReference section */
		1E3E0ADC21B49FBB00A0497C /* SearchRide3.swift */ = {isa = PBXFileReference; fileEncoding = 4; lastKnownFileType = sourcecode.swift; path = SearchRide3.swift; sourceTree = "<group>"; };
		1EC9608321A9F4CD00FCE15F /* ZimRideMobile.app */ = {isa = PBXFileReference; explicitFileType = wrapper.application; includeInIndex = 0; path = ZimRideMobile.app; sourceTree = BUILT_PRODUCTS_DIR; };
		1EC9608621A9F4CD00FCE15F /* AppDelegate.swift */ = {isa = PBXFileReference; lastKnownFileType = sourcecode.swift; path = AppDelegate.swift; sourceTree = "<group>"; };
		1EC9608821A9F4CD00FCE15F /* ViewController.swift */ = {isa = PBXFileReference; lastKnownFileType = sourcecode.swift; path = ViewController.swift; sourceTree = "<group>"; };
		1EC9608D21A9F4CF00FCE15F /* Assets.xcassets */ = {isa = PBXFileReference; lastKnownFileType = folder.assetcatalog; path = Assets.xcassets; sourceTree = "<group>"; };
		1EC9609021A9F4CF00FCE15F /* Base */ = {isa = PBXFileReference; lastKnownFileType = file.storyboard; name = Base; path = Base.lproj/LaunchScreen.storyboard; sourceTree = "<group>"; };
		1EC9609221A9F4CF00FCE15F /* Info.plist */ = {isa = PBXFileReference; lastKnownFileType = text.plist.xml; path = Info.plist; sourceTree = "<group>"; };
		1EC9609721A9F4D000FCE15F /* ZimRideMobileTests.xctest */ = {isa = PBXFileReference; explicitFileType = wrapper.cfbundle; includeInIndex = 0; path = ZimRideMobileTests.xctest; sourceTree = BUILT_PRODUCTS_DIR; };
		1EC9609B21A9F4D000FCE15F /* ZimRideMobileTests.swift */ = {isa = PBXFileReference; lastKnownFileType = sourcecode.swift; path = ZimRideMobileTests.swift; sourceTree = "<group>"; };
		1EC9609D21A9F4D000FCE15F /* Info.plist */ = {isa = PBXFileReference; lastKnownFileType = text.plist.xml; path = Info.plist; sourceTree = "<group>"; };
		1EC960A221A9F4D000FCE15F /* ZimRideMobileUITests.xctest */ = {isa = PBXFileReference; explicitFileType = wrapper.cfbundle; includeInIndex = 0; path = ZimRideMobileUITests.xctest; sourceTree = BUILT_PRODUCTS_DIR; };
		1EC960A621A9F4D000FCE15F /* ZimRideMobileUITests.swift */ = {isa = PBXFileReference; lastKnownFileType = sourcecode.swift; path = ZimRideMobileUITests.swift; sourceTree = "<group>"; };
		1EC960A821A9F4D000FCE15F /* Info.plist */ = {isa = PBXFileReference; lastKnownFileType = text.plist.xml; path = Info.plist; sourceTree = "<group>"; };
		1EC960B421AA23B900FCE15F /* HomeScreen.swift */ = {isa = PBXFileReference; lastKnownFileType = sourcecode.swift; path = HomeScreen.swift; sourceTree = "<group>"; };
		1EC960B621AA33E000FCE15F /* SearchRide.swift */ = {isa = PBXFileReference; lastKnownFileType = sourcecode.swift; path = SearchRide.swift; sourceTree = "<group>"; };
		1EC960B821AA341900FCE15F /* PostRide.swift */ = {isa = PBXFileReference; lastKnownFileType = sourcecode.swift; path = PostRide.swift; sourceTree = "<group>"; };
		1EC960D621B4578E00FCE15F /* PostRideViewController1.swift */ = {isa = PBXFileReference; fileEncoding = 4; lastKnownFileType = sourcecode.swift; path = PostRideViewController1.swift; sourceTree = "<group>"; };
		1EC960D721B4578E00FCE15F /* PostRideViewController3.swift */ = {isa = PBXFileReference; fileEncoding = 4; lastKnownFileType = sourcecode.swift; path = PostRideViewController3.swift; sourceTree = "<group>"; };
		1EC960D821B4578E00FCE15F /* PostRideViewController2.swift */ = {isa = PBXFileReference; fileEncoding = 4; lastKnownFileType = sourcecode.swift; path = PostRideViewController2.swift; sourceTree = "<group>"; };
		1EC960D921B4578E00FCE15F /* PostRideViewController4.swift */ = {isa = PBXFileReference; fileEncoding = 4; lastKnownFileType = sourcecode.swift; path = PostRideViewController4.swift; sourceTree = "<group>"; };
		1EC960DE21B457AB00FCE15F /* Notification.swift */ = {isa = PBXFileReference; fileEncoding = 4; lastKnownFileType = sourcecode.swift; path = Notification.swift; sourceTree = "<group>"; };
		1EC960DF21B457AB00FCE15F /* NotificationViewCell.swift */ = {isa = PBXFileReference; fileEncoding = 4; lastKnownFileType = sourcecode.swift; path = NotificationViewCell.swift; sourceTree = "<group>"; };
		1EC960E221B457DF00FCE15F /* MapAnnotation.swift */ = {isa = PBXFileReference; fileEncoding = 4; lastKnownFileType = sourcecode.swift; path = MapAnnotation.swift; sourceTree = "<group>"; };
		1EC960E421B4585600FCE15F /* AddressTableViewCell.swift */ = {isa = PBXFileReference; fileEncoding = 4; lastKnownFileType = sourcecode.swift; path = AddressTableViewCell.swift; sourceTree = "<group>"; };
		1EC960E621B47CED00FCE15F /* SearchRide2.swift */ = {isa = PBXFileReference; fileEncoding = 4; lastKnownFileType = sourcecode.swift; path = SearchRide2.swift; sourceTree = "<group>"; };
		1EE15AC321B4BDDD0009C1D6 /* Search.swift */ = {isa = PBXFileReference; fileEncoding = 4; lastKnownFileType = sourcecode.swift; path = Search.swift; sourceTree = "<group>"; };
		1EE15AC521B4BDF20009C1D6 /* SearchViewCell.swift */ = {isa = PBXFileReference; fileEncoding = 4; lastKnownFileType = sourcecode.swift; path = SearchViewCell.swift; sourceTree = "<group>"; };
		1EE15AC721B4DB110009C1D6 /* Network.swift */ = {isa = PBXFileReference; lastKnownFileType = sourcecode.swift; path = Network.swift; sourceTree = "<group>"; };
/* End PBXFileReference section */

/* Begin PBXFrameworksBuildPhase section */
		1EC9608021A9F4CD00FCE15F /* Frameworks */ = {
			isa = PBXFrameworksBuildPhase;
			buildActionMask = 2147483647;
			files = (
			);
			runOnlyForDeploymentPostprocessing = 0;
		};
		1EC9609421A9F4D000FCE15F /* Frameworks */ = {
			isa = PBXFrameworksBuildPhase;
			buildActionMask = 2147483647;
			files = (
			);
			runOnlyForDeploymentPostprocessing = 0;
		};
		1EC9609F21A9F4D000FCE15F /* Frameworks */ = {
			isa = PBXFrameworksBuildPhase;
			buildActionMask = 2147483647;
			files = (
			);
			runOnlyForDeploymentPostprocessing = 0;
		};
/* End PBXFrameworksBuildPhase section */

/* Begin PBXGroup section */
		1EC9607A21A9F4CD00FCE15F = {
			isa = PBXGroup;
			children = (
				1EC9608521A9F4CD00FCE15F /* ZimRideMobile */,
				1EC9609A21A9F4D000FCE15F /* ZimRideMobileTests */,
				1EC960A521A9F4D000FCE15F /* ZimRideMobileUITests */,
				1EC9608421A9F4CD00FCE15F /* Products */,
			);
			sourceTree = "<group>";
		};
		1EC9608421A9F4CD00FCE15F /* Products */ = {
			isa = PBXGroup;
			children = (
				1EC9608321A9F4CD00FCE15F /* ZimRideMobile.app */,
				1EC9609721A9F4D000FCE15F /* ZimRideMobileTests.xctest */,
				1EC960A221A9F4D000FCE15F /* ZimRideMobileUITests.xctest */,
			);
			name = Products;
			sourceTree = "<group>";
		};
		1EC9608521A9F4CD00FCE15F /* ZimRideMobile */ = {
			isa = PBXGroup;
			children = (
				1EC960E421B4585600FCE15F /* AddressTableViewCell.swift */,
				1EC960E221B457DF00FCE15F /* MapAnnotation.swift */,
				1EC960D621B4578E00FCE15F /* PostRideViewController1.swift */,
				1EC960D821B4578E00FCE15F /* PostRideViewController2.swift */,
				1EC960D721B4578E00FCE15F /* PostRideViewController3.swift */,
				1EC960D921B4578E00FCE15F /* PostRideViewController4.swift */,
				1EC960DE21B457AB00FCE15F /* Notification.swift */,
				1EE15AC721B4DB110009C1D6 /* Network.swift */,
				1EC960DF21B457AB00FCE15F /* NotificationViewCell.swift */,
				1EE15AC521B4BDF20009C1D6 /* SearchViewCell.swift */,
				1EE15AC321B4BDDD0009C1D6 /* Search.swift */,
				1EC9608621A9F4CD00FCE15F /* AppDelegate.swift */,
				1EC9608821A9F4CD00FCE15F /* ViewController.swift */,
				1EC9608D21A9F4CF00FCE15F /* Assets.xcassets */,
				1EC9608F21A9F4CF00FCE15F /* LaunchScreen.storyboard */,
				1EC9609221A9F4CF00FCE15F /* Info.plist */,
				1EC960B421AA23B900FCE15F /* HomeScreen.swift */,
				1EC960B621AA33E000FCE15F /* SearchRide.swift */,
				1EC960E621B47CED00FCE15F /* SearchRide2.swift */,
				1E3E0ADC21B49FBB00A0497C /* SearchRide3.swift */,
				1EC960B821AA341900FCE15F /* PostRide.swift */,
			);
			path = ZimRideMobile;
			sourceTree = "<group>";
		};
		1EC9609A21A9F4D000FCE15F /* ZimRideMobileTests */ = {
			isa = PBXGroup;
			children = (
				1EC9609B21A9F4D000FCE15F /* ZimRideMobileTests.swift */,
				1EC9609D21A9F4D000FCE15F /* Info.plist */,
			);
			path = ZimRideMobileTests;
			sourceTree = "<group>";
		};
		1EC960A521A9F4D000FCE15F /* ZimRideMobileUITests */ = {
			isa = PBXGroup;
			children = (
				1EC960A621A9F4D000FCE15F /* ZimRideMobileUITests.swift */,
				1EC960A821A9F4D000FCE15F /* Info.plist */,
			);
			path = ZimRideMobileUITests;
			sourceTree = "<group>";
		};
/* End PBXGroup section */

/* Begin PBXNativeTarget section */
		1EC9608221A9F4CD00FCE15F /* ZimRideMobile */ = {
			isa = PBXNativeTarget;
			buildConfigurationList = 1EC960AB21A9F4D000FCE15F /* Build configuration list for PBXNativeTarget "ZimRideMobile" */;
			buildPhases = (
				1EC9607F21A9F4CD00FCE15F /* Sources */,
				1EC9608021A9F4CD00FCE15F /* Frameworks */,
				1EC9608121A9F4CD00FCE15F /* Resources */,
			);
			buildRules = (
			);
			dependencies = (
			);
			name = ZimRideMobile;
			productName = ZimRideMobile;
			productReference = 1EC9608321A9F4CD00FCE15F /* ZimRideMobile.app */;
			productType = "com.apple.product-type.application";
		};
		1EC9609621A9F4D000FCE15F /* ZimRideMobileTests */ = {
			isa = PBXNativeTarget;
			buildConfigurationList = 1EC960AE21A9F4D000FCE15F /* Build configuration list for PBXNativeTarget "ZimRideMobileTests" */;
			buildPhases = (
				1EC9609321A9F4D000FCE15F /* Sources */,
				1EC9609421A9F4D000FCE15F /* Frameworks */,
				1EC9609521A9F4D000FCE15F /* Resources */,
			);
			buildRules = (
			);
			dependencies = (
				1EC9609921A9F4D000FCE15F /* PBXTargetDependency */,
			);
			name = ZimRideMobileTests;
			productName = ZimRideMobileTests;
			productReference = 1EC9609721A9F4D000FCE15F /* ZimRideMobileTests.xctest */;
			productType = "com.apple.product-type.bundle.unit-test";
		};
		1EC960A121A9F4D000FCE15F /* ZimRideMobileUITests */ = {
			isa = PBXNativeTarget;
			buildConfigurationList = 1EC960B121A9F4D000FCE15F /* Build configuration list for PBXNativeTarget "ZimRideMobileUITests" */;
			buildPhases = (
				1EC9609E21A9F4D000FCE15F /* Sources */,
				1EC9609F21A9F4D000FCE15F /* Frameworks */,
				1EC960A021A9F4D000FCE15F /* Resources */,
			);
			buildRules = (
			);
			dependencies = (
				1EC960A421A9F4D000FCE15F /* PBXTargetDependency */,
			);
			name = ZimRideMobileUITests;
			productName = ZimRideMobileUITests;
			productReference = 1EC960A221A9F4D000FCE15F /* ZimRideMobileUITests.xctest */;
			productType = "com.apple.product-type.bundle.ui-testing";
		};
/* End PBXNativeTarget section */

/* Begin PBXProject section */
		1EC9607B21A9F4CD00FCE15F /* Project object */ = {
			isa = PBXProject;
			attributes = {
				LastSwiftUpdateCheck = 1010;
				LastUpgradeCheck = 1010;
				ORGANIZATIONNAME = "Nikita Lang";
				TargetAttributes = {
					1EC9608221A9F4CD00FCE15F = {
						CreatedOnToolsVersion = 10.1;
					};
					1EC9609621A9F4D000FCE15F = {
						CreatedOnToolsVersion = 10.1;
						TestTargetID = 1EC9608221A9F4CD00FCE15F;
					};
					1EC960A121A9F4D000FCE15F = {
						CreatedOnToolsVersion = 10.1;
						TestTargetID = 1EC9608221A9F4CD00FCE15F;
					};
				};
			};
			buildConfigurationList = 1EC9607E21A9F4CD00FCE15F /* Build configuration list for PBXProject "ZimRideMobile" */;
			compatibilityVersion = "Xcode 9.3";
			developmentRegion = en;
			hasScannedForEncodings = 0;
			knownRegions = (
				en,
				Base,
			);
			mainGroup = 1EC9607A21A9F4CD00FCE15F;
			productRefGroup = 1EC9608421A9F4CD00FCE15F /* Products */;
			projectDirPath = "";
			projectRoot = "";
			targets = (
				1EC9608221A9F4CD00FCE15F /* ZimRideMobile */,
				1EC9609621A9F4D000FCE15F /* ZimRideMobileTests */,
				1EC960A121A9F4D000FCE15F /* ZimRideMobileUITests */,
			);
		};
/* End PBXProject section */

/* Begin PBXResourcesBuildPhase section */
		1EC9608121A9F4CD00FCE15F /* Resources */ = {
			isa = PBXResourcesBuildPhase;
			buildActionMask = 2147483647;
			files = (
				1EC9609121A9F4CF00FCE15F /* LaunchScreen.storyboard in Resources */,
				1EC9608E21A9F4CF00FCE15F /* Assets.xcassets in Resources */,
			);
			runOnlyForDeploymentPostprocessing = 0;
		};
		1EC9609521A9F4D000FCE15F /* Resources */ = {
			isa = PBXResourcesBuildPhase;
			buildActionMask = 2147483647;
			files = (
			);
			runOnlyForDeploymentPostprocessing = 0;
		};
		1EC960A021A9F4D000FCE15F /* Resources */ = {
			isa = PBXResourcesBuildPhase;
			buildActionMask = 2147483647;
			files = (
			);
			runOnlyForDeploymentPostprocessing = 0;
		};
/* End PBXResourcesBuildPhase section */

/* Begin PBXSourcesBuildPhase section */
		1EC9607F21A9F4CD00FCE15F /* Sources */ = {
			isa = PBXSourcesBuildPhase;
			buildActionMask = 2147483647;
			files = (
				1EC960B921AA341900FCE15F /* PostRide.swift in Sources */,
				1EC960DC21B4578E00FCE15F /* PostRideViewController2.swift in Sources */,
				1EC960E721B47CED00FCE15F /* SearchRide2.swift in Sources */,
				1EC9608921A9F4CD00FCE15F /* ViewController.swift in Sources */,
				1EC960DD21B4578E00FCE15F /* PostRideViewController4.swift in Sources */,
				1EC960DA21B4578E00FCE15F /* PostRideViewController1.swift in Sources */,
				1EC960DB21B4578E00FCE15F /* PostRideViewController3.swift in Sources */,
				1EC960E121B457AB00FCE15F /* NotificationViewCell.swift in Sources */,
				1EC960E021B457AB00FCE15F /* Notification.swift in Sources */,
				1E3E0ADD21B49FBB00A0497C /* SearchRide3.swift in Sources */,
				1EC960B721AA33E000FCE15F /* SearchRide.swift in Sources */,
				1EE15AC621B4BDF20009C1D6 /* SearchViewCell.swift in Sources */,
				1EC9608721A9F4CD00FCE15F /* AppDelegate.swift in Sources */,
				1EC960B521AA23B900FCE15F /* HomeScreen.swift in Sources */,
				1EE15AC821B4DB110009C1D6 /* Network.swift in Sources */,
				1EE15AC421B4BDDD0009C1D6 /* Search.swift in Sources */,
				1EC960E321B457DF00FCE15F /* MapAnnotation.swift in Sources */,
				1EC960E521B4585600FCE15F /* AddressTableViewCell.swift in Sources */,
			);
			runOnlyForDeploymentPostprocessing = 0;
		};
		1EC9609321A9F4D000FCE15F /* Sources */ = {
			isa = PBXSourcesBuildPhase;
			buildActionMask = 2147483647;
			files = (
				1EC9609C21A9F4D000FCE15F /* ZimRideMobileTests.swift in Sources */,
			);
			runOnlyForDeploymentPostprocessing = 0;
		};
		1EC9609E21A9F4D000FCE15F /* Sources */ = {
			isa = PBXSourcesBuildPhase;
			buildActionMask = 2147483647;
			files = (
				1EC960A721A9F4D000FCE15F /* ZimRideMobileUITests.swift in Sources */,
			);
			runOnlyForDeploymentPostprocessing = 0;
		};
/* End PBXSourcesBuildPhase section */

/* Begin PBXTargetDependency section */
		1EC9609921A9F4D000FCE15F /* PBXTargetDependency */ = {
			isa = PBXTargetDependency;
			target = 1EC9608221A9F4CD00FCE15F /* ZimRideMobile */;
			targetProxy = 1EC9609821A9F4D000FCE15F /* PBXContainerItemProxy */;
		};
		1EC960A421A9F4D000FCE15F /* PBXTargetDependency */ = {
			isa = PBXTargetDependency;
			target = 1EC9608221A9F4CD00FCE15F /* ZimRideMobile */;
			targetProxy = 1EC960A321A9F4D000FCE15F /* PBXContainerItemProxy */;
		};
/* End PBXTargetDependency section */

/* Begin PBXVariantGroup section */
		1EC9608F21A9F4CF00FCE15F /* LaunchScreen.storyboard */ = {
			isa = PBXVariantGroup;
			children = (
				1EC9609021A9F4CF00FCE15F /* Base */,
			);
			name = LaunchScreen.storyboard;
			sourceTree = "<group>";
		};
/* End PBXVariantGroup section */

/* Begin XCBuildConfiguration section */
		1EC960A921A9F4D000FCE15F /* Debug */ = {
			isa = XCBuildConfiguration;
			buildSettings = {
				ALWAYS_SEARCH_USER_PATHS = NO;
				CLANG_ANALYZER_NONNULL = YES;
				CLANG_ANALYZER_NUMBER_OBJECT_CONVERSION = YES_AGGRESSIVE;
				CLANG_CXX_LANGUAGE_STANDARD = "gnu++14";
				CLANG_CXX_LIBRARY = "libc++";
				CLANG_ENABLE_MODULES = YES;
				CLANG_ENABLE_OBJC_ARC = YES;
				CLANG_ENABLE_OBJC_WEAK = YES;
				CLANG_WARN_BLOCK_CAPTURE_AUTORELEASING = YES;
				CLANG_WARN_BOOL_CONVERSION = YES;
				CLANG_WARN_COMMA = YES;
				CLANG_WARN_CONSTANT_CONVERSION = YES;
				CLANG_WARN_DEPRECATED_OBJC_IMPLEMENTATIONS = YES;
				CLANG_WARN_DIRECT_OBJC_ISA_USAGE = YES_ERROR;
				CLANG_WARN_DOCUMENTATION_COMMENTS = YES;
				CLANG_WARN_EMPTY_BODY = YES;
				CLANG_WARN_ENUM_CONVERSION = YES;
				CLANG_WARN_INFINITE_RECURSION = YES;
				CLANG_WARN_INT_CONVERSION = YES;
				CLANG_WARN_NON_LITERAL_NULL_CONVERSION = YES;
				CLANG_WARN_OBJC_IMPLICIT_RETAIN_SELF = YES;
				CLANG_WARN_OBJC_LITERAL_CONVERSION = YES;
				CLANG_WARN_OBJC_ROOT_CLASS = YES_ERROR;
				CLANG_WARN_RANGE_LOOP_ANALYSIS = YES;
				CLANG_WARN_STRICT_PROTOTYPES = YES;
				CLANG_WARN_SUSPICIOUS_MOVE = YES;
				CLANG_WARN_UNGUARDED_AVAILABILITY = YES_AGGRESSIVE;
				CLANG_WARN_UNREACHABLE_CODE = YES;
				CLANG_WARN__DUPLICATE_METHOD_MATCH = YES;
				CODE_SIGN_IDENTITY = "iPhone Developer";
				COPY_PHASE_STRIP = NO;
				DEBUG_INFORMATION_FORMAT = dwarf;
				ENABLE_STRICT_OBJC_MSGSEND = YES;
				ENABLE_TESTABILITY = YES;
				GCC_C_LANGUAGE_STANDARD = gnu11;
				GCC_DYNAMIC_NO_PIC = NO;
				GCC_NO_COMMON_BLOCKS = YES;
				GCC_OPTIMIZATION_LEVEL = 0;
				GCC_PREPROCESSOR_DEFINITIONS = (
					"DEBUG=1",
					"$(inherited)",
				);
				GCC_WARN_64_TO_32_BIT_CONVERSION = YES;
				GCC_WARN_ABOUT_RETURN_TYPE = YES_ERROR;
				GCC_WARN_UNDECLARED_SELECTOR = YES;
				GCC_WARN_UNINITIALIZED_AUTOS = YES_AGGRESSIVE;
				GCC_WARN_UNUSED_FUNCTION = YES;
				GCC_WARN_UNUSED_VARIABLE = YES;
				IPHONEOS_DEPLOYMENT_TARGET = 12.1;
				MTL_ENABLE_DEBUG_INFO = INCLUDE_SOURCE;
				MTL_FAST_MATH = YES;
				ONLY_ACTIVE_ARCH = YES;
				SDKROOT = iphoneos;
				SWIFT_ACTIVE_COMPILATION_CONDITIONS = DEBUG;
				SWIFT_OPTIMIZATION_LEVEL = "-Onone";
			};
			name = Debug;
		};
		1EC960AA21A9F4D000FCE15F /* Release */ = {
			isa = XCBuildConfiguration;
			buildSettings = {
				ALWAYS_SEARCH_USER_PATHS = NO;
				CLANG_ANALYZER_NONNULL = YES;
				CLANG_ANALYZER_NUMBER_OBJECT_CONVERSION = YES_AGGRESSIVE;
				CLANG_CXX_LANGUAGE_STANDARD = "gnu++14";
				CLANG_CXX_LIBRARY = "libc++";
				CLANG_ENABLE_MODULES = YES;
				CLANG_ENABLE_OBJC_ARC = YES;
				CLANG_ENABLE_OBJC_WEAK = YES;
				CLANG_WARN_BLOCK_CAPTURE_AUTORELEASING = YES;
				CLANG_WARN_BOOL_CONVERSION = YES;
				CLANG_WARN_COMMA = YES;
				CLANG_WARN_CONSTANT_CONVERSION = YES;
				CLANG_WARN_DEPRECATED_OBJC_IMPLEMENTATIONS = YES;
				CLANG_WARN_DIRECT_OBJC_ISA_USAGE = YES_ERROR;
				CLANG_WARN_DOCUMENTATION_COMMENTS = YES;
				CLANG_WARN_EMPTY_BODY = YES;
				CLANG_WARN_ENUM_CONVERSION = YES;
				CLANG_WARN_INFINITE_RECURSION = YES;
				CLANG_WARN_INT_CONVERSION = YES;
				CLANG_WARN_NON_LITERAL_NULL_CONVERSION = YES;
				CLANG_WARN_OBJC_IMPLICIT_RETAIN_SELF = YES;
				CLANG_WARN_OBJC_LITERAL_CONVERSION = YES;
				CLANG_WARN_OBJC_ROOT_CLASS = YES_ERROR;
				CLANG_WARN_RANGE_LOOP_ANALYSIS = YES;
				CLANG_WARN_STRICT_PROTOTYPES = YES;
				CLANG_WARN_SUSPICIOUS_MOVE = YES;
				CLANG_WARN_UNGUARDED_AVAILABILITY = YES_AGGRESSIVE;
				CLANG_WARN_UNREACHABLE_CODE = YES;
				CLANG_WARN__DUPLICATE_METHOD_MATCH = YES;
				CODE_SIGN_IDENTITY = "iPhone Developer";
				COPY_PHASE_STRIP = NO;
				DEBUG_INFORMATION_FORMAT = "dwarf-with-dsym";
				ENABLE_NS_ASSERTIONS = NO;
				ENABLE_STRICT_OBJC_MSGSEND = YES;
				GCC_C_LANGUAGE_STANDARD = gnu11;
				GCC_NO_COMMON_BLOCKS = YES;
				GCC_WARN_64_TO_32_BIT_CONVERSION = YES;
				GCC_WARN_ABOUT_RETURN_TYPE = YES_ERROR;
				GCC_WARN_UNDECLARED_SELECTOR = YES;
				GCC_WARN_UNINITIALIZED_AUTOS = YES_AGGRESSIVE;
				GCC_WARN_UNUSED_FUNCTION = YES;
				GCC_WARN_UNUSED_VARIABLE = YES;
				IPHONEOS_DEPLOYMENT_TARGET = 12.1;
				MTL_ENABLE_DEBUG_INFO = NO;
				MTL_FAST_MATH = YES;
				SDKROOT = iphoneos;
				SWIFT_COMPILATION_MODE = wholemodule;
				SWIFT_OPTIMIZATION_LEVEL = "-O";
				VALIDATE_PRODUCT = YES;
			};
			name = Release;
		};
		1EC960AC21A9F4D000FCE15F /* Debug */ = {
			isa = XCBuildConfiguration;
			buildSettings = {
				ASSETCATALOG_COMPILER_APPICON_NAME = AppIcon;
				CODE_SIGN_STYLE = Automatic;
				INFOPLIST_FILE = ZimRideMobile/Info.plist;
				LD_RUNPATH_SEARCH_PATHS = (
					"$(inherited)",
					"@executable_path/Frameworks",
				);
				PRODUCT_BUNDLE_IDENTIFIER = NikitaLang.ZimRideMobile;
				PRODUCT_NAME = "$(TARGET_NAME)";
				SWIFT_VERSION = 4.2;
				TARGETED_DEVICE_FAMILY = "1,2";
			};
			name = Debug;
		};
		1EC960AD21A9F4D000FCE15F /* Release */ = {
			isa = XCBuildConfiguration;
			buildSettings = {
				ASSETCATALOG_COMPILER_APPICON_NAME = AppIcon;
				CODE_SIGN_STYLE = Automatic;
				INFOPLIST_FILE = ZimRideMobile/Info.plist;
				LD_RUNPATH_SEARCH_PATHS = (
					"$(inherited)",
					"@executable_path/Frameworks",
				);
				PRODUCT_BUNDLE_IDENTIFIER = NikitaLang.ZimRideMobile;
				PRODUCT_NAME = "$(TARGET_NAME)";
				SWIFT_VERSION = 4.2;
				TARGETED_DEVICE_FAMILY = "1,2";
			};
			name = Release;
		};
		1EC960AF21A9F4D000FCE15F /* Debug */ = {
			isa = XCBuildConfiguration;
			buildSettings = {
				ALWAYS_EMBED_SWIFT_STANDARD_LIBRARIES = YES;
				BUNDLE_LOADER = "$(TEST_HOST)";
				CODE_SIGN_STYLE = Automatic;
				INFOPLIST_FILE = ZimRideMobileTests/Info.plist;
				LD_RUNPATH_SEARCH_PATHS = (
					"$(inherited)",
					"@executable_path/Frameworks",
					"@loader_path/Frameworks",
				);
				PRODUCT_BUNDLE_IDENTIFIER = NikitaLang.ZimRideMobileTests;
				PRODUCT_NAME = "$(TARGET_NAME)";
				SWIFT_VERSION = 4.2;
				TARGETED_DEVICE_FAMILY = "1,2";
				TEST_HOST = "$(BUILT_PRODUCTS_DIR)/ZimRideMobile.app/ZimRideMobile";
			};
			name = Debug;
		};
		1EC960B021A9F4D000FCE15F /* Release */ = {
			isa = XCBuildConfiguration;
			buildSettings = {
				ALWAYS_EMBED_SWIFT_STANDARD_LIBRARIES = YES;
				BUNDLE_LOADER = "$(TEST_HOST)";
				CODE_SIGN_STYLE = Automatic;
				INFOPLIST_FILE = ZimRideMobileTests/Info.plist;
				LD_RUNPATH_SEARCH_PATHS = (
					"$(inherited)",
					"@executable_path/Frameworks",
					"@loader_path/Frameworks",
				);
				PRODUCT_BUNDLE_IDENTIFIER = NikitaLang.ZimRideMobileTests;
				PRODUCT_NAME = "$(TARGET_NAME)";
				SWIFT_VERSION = 4.2;
				TARGETED_DEVICE_FAMILY = "1,2";
				TEST_HOST = "$(BUILT_PRODUCTS_DIR)/ZimRideMobile.app/ZimRideMobile";
			};
			name = Release;
		};
		1EC960B221A9F4D000FCE15F /* Debug */ = {
			isa = XCBuildConfiguration;
			buildSettings = {
				ALWAYS_EMBED_SWIFT_STANDARD_LIBRARIES = YES;
				CODE_SIGN_STYLE = Automatic;
				INFOPLIST_FILE = ZimRideMobileUITests/Info.plist;
				LD_RUNPATH_SEARCH_PATHS = (
					"$(inherited)",
					"@executable_path/Frameworks",
					"@loader_path/Frameworks",
				);
				PRODUCT_BUNDLE_IDENTIFIER = NikitaLang.ZimRideMobileUITests;
				PRODUCT_NAME = "$(TARGET_NAME)";
				SWIFT_VERSION = 4.2;
				TARGETED_DEVICE_FAMILY = "1,2";
				TEST_TARGET_NAME = ZimRideMobile;
			};
			name = Debug;
		};
		1EC960B321A9F4D000FCE15F /* Release */ = {
			isa = XCBuildConfiguration;
			buildSettings = {
				ALWAYS_EMBED_SWIFT_STANDARD_LIBRARIES = YES;
				CODE_SIGN_STYLE = Automatic;
				INFOPLIST_FILE = ZimRideMobileUITests/Info.plist;
				LD_RUNPATH_SEARCH_PATHS = (
					"$(inherited)",
					"@executable_path/Frameworks",
					"@loader_path/Frameworks",
				);
				PRODUCT_BUNDLE_IDENTIFIER = NikitaLang.ZimRideMobileUITests;
				PRODUCT_NAME = "$(TARGET_NAME)";
				SWIFT_VERSION = 4.2;
				TARGETED_DEVICE_FAMILY = "1,2";
				TEST_TARGET_NAME = ZimRideMobile;
			};
			name = Release;
		};
/* End XCBuildConfiguration section */

/* Begin XCConfigurationList section */
		1EC9607E21A9F4CD00FCE15F /* Build configuration list for PBXProject "ZimRideMobile" */ = {
			isa = XCConfigurationList;
			buildConfigurations = (
				1EC960A921A9F4D000FCE15F /* Debug */,
				1EC960AA21A9F4D000FCE15F /* Release */,
			);
			defaultConfigurationIsVisible = 0;
			defaultConfigurationName = Release;
		};
		1EC960AB21A9F4D000FCE15F /* Build configuration list for PBXNativeTarget "ZimRideMobile" */ = {
			isa = XCConfigurationList;
			buildConfigurations = (
				1EC960AC21A9F4D000FCE15F /* Debug */,
				1EC960AD21A9F4D000FCE15F /* Release */,
			);
			defaultConfigurationIsVisible = 0;
			defaultConfigurationName = Release;
		};
		1EC960AE21A9F4D000FCE15F /* Build configuration list for PBXNativeTarget "ZimRideMobileTests" */ = {
			isa = XCConfigurationList;
			buildConfigurations = (
				1EC960AF21A9F4D000FCE15F /* Debug */,
				1EC960B021A9F4D000FCE15F /* Release */,
			);
			defaultConfigurationIsVisible = 0;
			defaultConfigurationName = Release;
		};
		1EC960B121A9F4D000FCE15F /* Build configuration list for PBXNativeTarget "ZimRideMobileUITests" */ = {
			isa = XCConfigurationList;
			buildConfigurations = (
				1EC960B221A9F4D000FCE15F /* Debug */,
				1EC960B321A9F4D000FCE15F /* Release */,
			);
			defaultConfigurationIsVisible = 0;
			defaultConfigurationName = Release;
		};
/* End XCConfigurationList section */
	};
	rootObject = 1EC9607B21A9F4CD00FCE15F /* Project object */;
}
